{
  "name": "@remixproject/plugin-ws",
  "version": "0.0.2-alpha.2",
  "lockfileVersion": 1,
  "requires": true,
  "dependencies": {
    "@remixproject/plugin": {
      "version": "0.1.18",
      "resolved": "https://registry.npmjs.org/@remixproject/plugin/-/plugin-0.1.18.tgz",
      "integrity": "sha512-xJrqgl22ugRFMvN9tHcLZ8BTK4uGNBqYkIyme1tCWOVgQAB7PCQsTUgDFFDZDE4GmE7WcogZ/1Bv7U7c+ZjydQ=="
    }
  }
}
